
Microsoft Visual Studio Solution File, Format Version 12.00
# Visual Studio Version 16
VisualStudioVersion = 16.0.31005.135
MinimumVisualStudioVersion = 15.0.26124.0
Project("{9A19103F-16F7-4668-BE54-9A1E7A4F7556}") = "MineSweeper", "MineSweeper\MineSweeper.csproj", "{D0AD41CD-5E42-41C4-933C-CC6CDA5233D3}"
EndProject
Project("{9A19103F-16F7-4668-BE54-9A1E7A4F7556}") = "MineSweeper.Tests", "MineSweeper.Tests\MineSweeper.Tests.csproj", "{FA785754-DB5A-4A48-994E-881E92AA54F7}"
EndProject
Project("{9A19103F-16F7-4668-BE54-9A1E7A4F7556}") = "FpMineSweeper", "FpMineSweeper\FpMineSweeper.csproj", "{40121DB2-127B-4051-832A-E0EDE28F7B0D}"
EndProject
Project("{FAE04EC0-301F-11D3-BF4B-00C04F79EFBC}") = "FpMineSweeper.Tests", "FpMineSweeper.Tests\FpMineSweeper.Tests.csproj", "{A5CEE090-A02C-4FF8-ADE6-22B2F075A566}"
EndProject
Global
	GlobalSection(SolutionConfigurationPlatforms) = preSolution
		Debug|Any CPU = Debug|Any CPU
		Debug|x64 = Debug|x64
		Debug|x86 = Debug|x86
		Release|Any CPU = Release|Any CPU
		Release|x64 = Release|x64
		Release|x86 = Release|x86
	EndGlobalSection
	GlobalSection(ProjectConfigurationPlatforms) = postSolution
		{D0AD41CD-5E42-41C4-933C-CC6CDA5233D3}.Debug|Any CPU.ActiveCfg = Debug|Any CPU
		{D0AD41CD-5E42-41C4-933C-CC6CDA5233D3}.Debug|Any CPU.Build.0 = Debug|Any CPU
		{D0AD41CD-5E42-41C4-933C-CC6CDA5233D3}.Debug|x64.ActiveCfg = Debug|Any CPU
		{D0AD41CD-5E42-41C4-933C-CC6CDA5233D3}.Debug|x64.Build.0 = Debug|Any CPU
		{D0AD41CD-5E42-41C4-933C-CC6CDA5233D3}.Debug|x86.ActiveCfg = Debug|Any CPU
		{D0AD41CD-5E42-41C4-933C-CC6CDA5233D3}.Debug|x86.Build.0 = Debug|Any CPU
		{D0AD41CD-5E42-41C4-933C-CC6CDA5233D3}.Release|Any CPU.ActiveCfg = Release|Any CPU
		{D0AD41CD-5E42-41C4-933C-CC6CDA5233D3}.Release|Any CPU.Build.0 = Release|Any CPU
		{D0AD41CD-5E42-41C4-933C-CC6CDA5233D3}.Release|x64.ActiveCfg = Release|Any CPU
		{D0AD41CD-5E42-41C4-933C-CC6CDA5233D3}.Release|x64.Build.0 = Release|Any CPU
		{D0AD41CD-5E42-41C4-933C-CC6CDA5233D3}.Release|x86.ActiveCfg = Release|Any CPU
		{D0AD41CD-5E42-41C4-933C-CC6CDA5233D3}.Release|x86.Build.0 = Release|Any CPU
		{FA785754-DB5A-4A48-994E-881E92AA54F7}.Debug|Any CPU.ActiveCfg = Debug|Any CPU
		{FA785754-DB5A-4A48-994E-881E92AA54F7}.Debug|Any CPU.Build.0 = Debug|Any CPU
		{FA785754-DB5A-4A48-994E-881E92AA54F7}.Debug|x64.ActiveCfg = Debug|Any CPU
		{FA785754-DB5A-4A48-994E-881E92AA54F7}.Debug|x64.Build.0 = Debug|Any CPU
		{FA785754-DB5A-4A48-994E-881E92AA54F7}.Debug|x86.ActiveCfg = Debug|Any CPU
		{FA785754-DB5A-4A48-994E-881E92AA54F7}.Debug|x86.Build.0 = Debug|Any CPU
		{FA785754-DB5A-4A48-994E-881E92AA54F7}.Release|Any CPU.ActiveCfg = Release|Any CPU
		{FA785754-DB5A-4A48-994E-881E92AA54F7}.Release|Any CPU.Build.0 = Release|Any CPU
		{FA785754-DB5A-4A48-994E-881E92AA54F7}.Release|x64.ActiveCfg = Release|Any CPU
		{FA785754-DB5A-4A48-994E-881E92AA54F7}.Release|x64.Build.0 = Release|Any CPU
		{FA785754-DB5A-4A48-994E-881E92AA54F7}.Release|x86.ActiveCfg = Release|Any CPU
		{FA785754-DB5A-4A48-994E-881E92AA54F7}.Release|x86.Build.0 = Release|Any CPU
		{40121DB2-127B-4051-832A-E0EDE28F7B0D}.Debug|Any CPU.ActiveCfg = Debug|Any CPU
		{40121DB2-127B-4051-832A-E0EDE28F7B0D}.Debug|Any CPU.Build.0 = Debug|Any CPU
		{40121DB2-127B-4051-832A-E0EDE28F7B0D}.Debug|x64.ActiveCfg = Debug|Any CPU
		{40121DB2-127B-4051-832A-E0EDE28F7B0D}.Debug|x64.Build.0 = Debug|Any CPU
		{40121DB2-127B-4051-832A-E0EDE28F7B0D}.Debug|x86.ActiveCfg = Debug|Any CPU
		{40121DB2-127B-4051-832A-E0EDE28F7B0D}.Debug|x86.Build.0 = Debug|Any CPU
		{40121DB2-127B-4051-832A-E0EDE28F7B0D}.Release|Any CPU.ActiveCfg = Release|Any CPU
		{40121DB2-127B-4051-832A-E0EDE28F7B0D}.Release|Any CPU.Build.0 = Release|Any CPU
		{40121DB2-127B-4051-832A-E0EDE28F7B0D}.Release|x64.ActiveCfg = Release|Any CPU
		{40121DB2-127B-4051-832A-E0EDE28F7B0D}.Release|x64.Build.0 = Release|Any CPU
		{40121DB2-127B-4051-832A-E0EDE28F7B0D}.Release|x86.ActiveCfg = Release|Any CPU
		{40121DB2-127B-4051-832A-E0EDE28F7B0D}.Release|x86.Build.0 = Release|Any CPU
		{A5CEE090-A02C-4FF8-ADE6-22B2F075A566}.Debug|Any CPU.ActiveCfg = Debug|Any CPU
		{A5CEE090-A02C-4FF8-ADE6-22B2F075A566}.Debug|Any CPU.Build.0 = Debug|Any CPU
		{A5CEE090-A02C-4FF8-ADE6-22B2F075A566}.Debug|x64.ActiveCfg = Debug|Any CPU
		{A5CEE090-A02C-4FF8-ADE6-22B2F075A566}.Debug|x64.Build.0 = Debug|Any CPU
		{A5CEE090-A02C-4FF8-ADE6-22B2F075A566}.Debug|x86.ActiveCfg = Debug|Any CPU
		{A5CEE090-A02C-4FF8-ADE6-22B2F075A566}.Debug|x86.Build.0 = Debug|Any CPU
		{A5CEE090-A02C-4FF8-ADE6-22B2F075A566}.Release|Any CPU.ActiveCfg = Release|Any CPU
		{A5CEE090-A02C-4FF8-ADE6-22B2F075A566}.Release|Any CPU.Build.0 = Release|Any CPU
		{A5CEE090-A02C-4FF8-ADE6-22B2F075A566}.Release|x64.ActiveCfg = Release|Any CPU
		{A5CEE090-A02C-4FF8-ADE6-22B2F075A566}.Release|x64.Build.0 = Release|Any CPU
		{A5CEE090-A02C-4FF8-ADE6-22B2F075A566}.Release|x86.ActiveCfg = Release|Any CPU
		{A5CEE090-A02C-4FF8-ADE6-22B2F075A566}.Release|x86.Build.0 = Release|Any CPU
	EndGlobalSection
	GlobalSection(SolutionProperties) = preSolution
		HideSolutionNode = FALSE
	EndGlobalSection
	GlobalSection(ExtensibilityGlobals) = postSolution
		SolutionGuid = {68D9B6CF-BBAA-410E-B200-DECC43492FA7}
	EndGlobalSection
EndGlobal
